
Microsoft Visual Studio Solution File, Format Version 12.00
# Visual Studio Version 16
VisualStudioVersion = 16.0.29509.3
MinimumVisualStudioVersion = 10.0.40219.1
Project("{FAE04EC0-301F-11D3-BF4B-00C04F79EFBC}") = "GetDivide", "GetDivide\GetDivide.csproj", "{39679A09-9CC3-4A4F-868E-CD86E8D207D7}"
EndProject
Global
	GlobalSection(SolutionConfigurationPlatforms) = preSolution
		Debug|Any CPU = Debug|Any CPU
		Release|Any CPU = Release|Any CPU
	EndGlobalSection
	GlobalSection(ProjectConfigurationPlatforms) = postSolution
		{39679A09-9CC3-4A4F-868E-CD86E8D207D7}.Debug|Any CPU.ActiveCfg = Debug|Any CPU
		{39679A09-9CC3-4A4F-868E-CD86E8D207D7}.Debug|Any CPU.Build.0 = Debug|Any CPU
		{39679A09-9CC3-4A4F-868E-CD86E8D207D7}.Release|Any CPU.ActiveCfg = Release|Any CPU
		{39679A09-9CC3-4A4F-868E-CD86E8D207D7}.Release|Any CPU.Build.0 = Release|Any CPU
	EndGlobalSection
	GlobalSection(SolutionProperties) = preSolution
		HideSolutionNode = FALSE
	EndGlobalSection
	GlobalSection(ExtensibilityGlobals) = postSolution
		SolutionGuid = {EBED2BE1-DCF6-48D7-9390-86E78428218E}
	EndGlobalSection
EndGlobal
